
Microsoft Visual Studio Solution File, Format Version 12.00
# Visual Studio Version 17
VisualStudioVersion = 17.11.35327.3
MinimumVisualStudioVersion = 10.0.40219.1
Project("{9A19103F-16F7-4668-BE54-9A1E7A4F7556}") = "VariablesBooleanas", "TomaDeDecisiones\VariablesBooleanas.csproj", "{FBB922C2-C082-4FD0-8191-DAE4102877D6}"
EndProject
Project("{9A19103F-16F7-4668-BE54-9A1E7A4F7556}") = "If", "If\If.csproj", "{1D53F91A-2AE3-4898-B319-23D6984C6746}"
EndProject
Project("{9A19103F-16F7-4668-BE54-9A1E7A4F7556}") = "MultiplesSentenciasIf", "MultiplesSentenciasIf\MultiplesSentenciasIf.csproj", "{ABB34B95-5444-4FC4-A22B-82C64107DFC1}"
EndProject
Project("{9A19103F-16F7-4668-BE54-9A1E7A4F7556}") = "IfElse", "IfElse\IfElse.csproj", "{160DB032-AC0F-473B-A8CC-AF58C8334EB0}"
EndProject
Project("{9A19103F-16F7-4668-BE54-9A1E7A4F7556}") = "IfAnidado", "IfAnidado\IfAnidado.csproj", "{8892FD73-D7C0-4569-A9A3-699F3B5F012F}"
EndProject
Project("{9A19103F-16F7-4668-BE54-9A1E7A4F7556}") = "IfElseAnidado", "IfElseAnidado\IfElseAnidado.csproj", "{255845A3-E3C7-46FA-A64B-73670CAE09D8}"
EndProject
Project("{9A19103F-16F7-4668-BE54-9A1E7A4F7556}") = "OperadoresLogicos", "OperadoresLogicos\OperadoresLogicos.csproj", "{13688694-B526-47B4-9CA0-140BBDD5F039}"
EndProject
Project("{9A19103F-16F7-4668-BE54-9A1E7A4F7556}") = "EjercicioJet", "EjercicioJet\EjercicioJet.csproj", "{C94932EE-197F-4810-B752-A9723F1CF296}"
EndProject
Project("{9A19103F-16F7-4668-BE54-9A1E7A4F7556}") = "InstruccionSwitch", "InstruccionSwitch\InstruccionSwitch.csproj", "{31A2E9DC-2256-464F-B50E-D283B0E6563D}"
EndProject
Project("{9A19103F-16F7-4668-BE54-9A1E7A4F7556}") = "SwitchOperacionesAritmeticas", "SwitchOperacionesAritmeticas\SwitchOperacionesAritmeticas.csproj", "{121FACDA-F57B-48BA-90DD-CA410A9387B4}"
EndProject
Project("{FAE04EC0-301F-11D3-BF4B-00C04F79EFBC}") = "Tarea_Meses", "Tarea_Meses\Tarea_Meses.csproj", "{4C8628B0-526E-48BB-8F2C-D476BF54BB2D}"
EndProject
Project("{FAE04EC0-301F-11D3-BF4B-00C04F79EFBC}") = "Tarea_Numeros", "Tarea_Numeros\Tarea_Numeros.csproj", "{E93C0602-A1FF-4920-95F5-032562300D51}"
EndProject
Project("{FAE04EC0-301F-11D3-BF4B-00C04F79EFBC}") = "Tarea_Estacionamiento", "Tarea_Estacionamiento\Tarea_Estacionamiento.csproj", "{677E7D0D-A01E-4DEB-91BE-90119363D06C}"
EndProject
Global
	GlobalSection(SolutionConfigurationPlatforms) = preSolution
		Debug|Any CPU = Debug|Any CPU
		Release|Any CPU = Release|Any CPU
	EndGlobalSection
	GlobalSection(ProjectConfigurationPlatforms) = postSolution
		{FBB922C2-C082-4FD0-8191-DAE4102877D6}.Debug|Any CPU.ActiveCfg = Debug|Any CPU
		{FBB922C2-C082-4FD0-8191-DAE4102877D6}.Debug|Any CPU.Build.0 = Debug|Any CPU
		{FBB922C2-C082-4FD0-8191-DAE4102877D6}.Release|Any CPU.ActiveCfg = Release|Any CPU
		{FBB922C2-C082-4FD0-8191-DAE4102877D6}.Release|Any CPU.Build.0 = Release|Any CPU
		{1D53F91A-2AE3-4898-B319-23D6984C6746}.Debug|Any CPU.ActiveCfg = Debug|Any CPU
		{1D53F91A-2AE3-4898-B319-23D6984C6746}.Debug|Any CPU.Build.0 = Debug|Any CPU
		{1D53F91A-2AE3-4898-B319-23D6984C6746}.Release|Any CPU.ActiveCfg = Release|Any CPU
		{1D53F91A-2AE3-4898-B319-23D6984C6746}.Release|Any CPU.Build.0 = Release|Any CPU
		{ABB34B95-5444-4FC4-A22B-82C64107DFC1}.Debug|Any CPU.ActiveCfg = Debug|Any CPU
		{ABB34B95-5444-4FC4-A22B-82C64107DFC1}.Debug|Any CPU.Build.0 = Debug|Any CPU
		{ABB34B95-5444-4FC4-A22B-82C64107DFC1}.Release|Any CPU.ActiveCfg = Release|Any CPU
		{ABB34B95-5444-4FC4-A22B-82C64107DFC1}.Release|Any CPU.Build.0 = Release|Any CPU
		{160DB032-AC0F-473B-A8CC-AF58C8334EB0}.Debug|Any CPU.ActiveCfg = Debug|Any CPU
		{160DB032-AC0F-473B-A8CC-AF58C8334EB0}.Debug|Any CPU.Build.0 = Debug|Any CPU
		{160DB032-AC0F-473B-A8CC-AF58C8334EB0}.Release|Any CPU.ActiveCfg = Release|Any CPU
		{160DB032-AC0F-473B-A8CC-AF58C8334EB0}.Release|Any CPU.Build.0 = Release|Any CPU
		{8892FD73-D7C0-4569-A9A3-699F3B5F012F}.Debug|Any CPU.ActiveCfg = Debug|Any CPU
		{8892FD73-D7C0-4569-A9A3-699F3B5F012F}.Debug|Any CPU.Build.0 = Debug|Any CPU
		{8892FD73-D7C0-4569-A9A3-699F3B5F012F}.Release|Any CPU.ActiveCfg = Release|Any CPU
		{8892FD73-D7C0-4569-A9A3-699F3B5F012F}.Release|Any CPU.Build.0 = Release|Any CPU
		{255845A3-E3C7-46FA-A64B-73670CAE09D8}.Debug|Any CPU.ActiveCfg = Debug|Any CPU
		{255845A3-E3C7-46FA-A64B-73670CAE09D8}.Debug|Any CPU.Build.0 = Debug|Any CPU
		{255845A3-E3C7-46FA-A64B-73670CAE09D8}.Release|Any CPU.ActiveCfg = Release|Any CPU
		{255845A3-E3C7-46FA-A64B-73670CAE09D8}.Release|Any CPU.Build.0 = Release|Any CPU
		{13688694-B526-47B4-9CA0-140BBDD5F039}.Debug|Any CPU.ActiveCfg = Debug|Any CPU
		{13688694-B526-47B4-9CA0-140BBDD5F039}.Debug|Any CPU.Build.0 = Debug|Any CPU
		{13688694-B526-47B4-9CA0-140BBDD5F039}.Release|Any CPU.ActiveCfg = Release|Any CPU
		{13688694-B526-47B4-9CA0-140BBDD5F039}.Release|Any CPU.Build.0 = Release|Any CPU
		{C94932EE-197F-4810-B752-A9723F1CF296}.Debug|Any CPU.ActiveCfg = Debug|Any CPU
		{C94932EE-197F-4810-B752-A9723F1CF296}.Debug|Any CPU.Build.0 = Debug|Any CPU
		{C94932EE-197F-4810-B752-A9723F1CF296}.Release|Any CPU.ActiveCfg = Release|Any CPU
		{C94932EE-197F-4810-B752-A9723F1CF296}.Release|Any CPU.Build.0 = Release|Any CPU
		{31A2E9DC-2256-464F-B50E-D283B0E6563D}.Debug|Any CPU.ActiveCfg = Debug|Any CPU
		{31A2E9DC-2256-464F-B50E-D283B0E6563D}.Debug|Any CPU.Build.0 = Debug|Any CPU
		{31A2E9DC-2256-464F-B50E-D283B0E6563D}.Release|Any CPU.ActiveCfg = Release|Any CPU
		{31A2E9DC-2256-464F-B50E-D283B0E6563D}.Release|Any CPU.Build.0 = Release|Any CPU
		{121FACDA-F57B-48BA-90DD-CA410A9387B4}.Debug|Any CPU.ActiveCfg = Debug|Any CPU
		{121FACDA-F57B-48BA-90DD-CA410A9387B4}.Debug|Any CPU.Build.0 = Debug|Any CPU
		{121FACDA-F57B-48BA-90DD-CA410A9387B4}.Release|Any CPU.ActiveCfg = Release|Any CPU
		{121FACDA-F57B-48BA-90DD-CA410A9387B4}.Release|Any CPU.Build.0 = Release|Any CPU
		{4C8628B0-526E-48BB-8F2C-D476BF54BB2D}.Debug|Any CPU.ActiveCfg = Debug|Any CPU
		{4C8628B0-526E-48BB-8F2C-D476BF54BB2D}.Debug|Any CPU.Build.0 = Debug|Any CPU
		{4C8628B0-526E-48BB-8F2C-D476BF54BB2D}.Release|Any CPU.ActiveCfg = Release|Any CPU
		{4C8628B0-526E-48BB-8F2C-D476BF54BB2D}.Release|Any CPU.Build.0 = Release|Any CPU
		{E93C0602-A1FF-4920-95F5-032562300D51}.Debug|Any CPU.ActiveCfg = Debug|Any CPU
		{E93C0602-A1FF-4920-95F5-032562300D51}.Debug|Any CPU.Build.0 = Debug|Any CPU
		{E93C0602-A1FF-4920-95F5-032562300D51}.Release|Any CPU.ActiveCfg = Release|Any CPU
		{E93C0602-A1FF-4920-95F5-032562300D51}.Release|Any CPU.Build.0 = Release|Any CPU
		{677E7D0D-A01E-4DEB-91BE-90119363D06C}.Debug|Any CPU.ActiveCfg = Debug|Any CPU
		{677E7D0D-A01E-4DEB-91BE-90119363D06C}.Debug|Any CPU.Build.0 = Debug|Any CPU
		{677E7D0D-A01E-4DEB-91BE-90119363D06C}.Release|Any CPU.ActiveCfg = Release|Any CPU
		{677E7D0D-A01E-4DEB-91BE-90119363D06C}.Release|Any CPU.Build.0 = Release|Any CPU
	EndGlobalSection
	GlobalSection(SolutionProperties) = preSolution
		HideSolutionNode = FALSE
	EndGlobalSection
	GlobalSection(ExtensibilityGlobals) = postSolution
		SolutionGuid = {98938099-FA2C-4276-8D1A-340B866B1126}
	EndGlobalSection
EndGlobal
